// !$*UTF8*$!
{
	archiveVersion = 1;
	classes = {
	};
	objectVersion = 55;
	objects = {

/* Begin PBXBuildFile section */
		E95C3F382866528E008ECDFE /* Facility.swift in Sources */ = {isa = PBXBuildFile; fileRef = E95C3F372866528E008ECDFE /* Facility.swift */; };
		E95C3F3A28665A4D008ECDFE /* Favorites.swift in Sources */ = {isa = PBXBuildFile; fileRef = E95C3F3928665A4D008ECDFE /* Favorites.swift */; };
		E95C3F3C2866741A008ECDFE /* FileManager-DocumentsDirectory.swift in Sources */ = {isa = PBXBuildFile; fileRef = E95C3F3B28667419008ECDFE /* FileManager-DocumentsDirectory.swift */; };
		E97EE4C92865FC6C0079C2D5 /* resorts.json in Resources */ = {isa = PBXBuildFile; fileRef = E97EE4C82865FC6C0079C2D5 /* resorts.json */; };
		E97EE4CB2865FD500079C2D5 /* Resort.swift in Sources */ = {isa = PBXBuildFile; fileRef = E97EE4CA2865FD500079C2D5 /* Resort.swift */; };
		E97EE4CD2865FE260079C2D5 /* Bundle-Decodable.swift in Sources */ = {isa = PBXBuildFile; fileRef = E97EE4CC2865FE260079C2D5 /* Bundle-Decodable.swift */; };
		E97EE4CF286619B60079C2D5 /* WelcomeView.swift in Sources */ = {isa = PBXBuildFile; fileRef = E97EE4CE286619B60079C2D5 /* WelcomeView.swift */; };
		E97EE4D1286626790079C2D5 /* ResortView.swift in Sources */ = {isa = PBXBuildFile; fileRef = E97EE4D0286626790079C2D5 /* ResortView.swift */; };
		E97EE4D3286628320079C2D5 /* SkiDetailsView.swift in Sources */ = {isa = PBXBuildFile; fileRef = E97EE4D2286628320079C2D5 /* SkiDetailsView.swift */; };
		E97EE4D5286629260079C2D5 /* ResortDetailsView.swift in Sources */ = {isa = PBXBuildFile; fileRef = E97EE4D4286629260079C2D5 /* ResortDetailsView.swift */; };
		E9A2034F2864D8C300A7D6A5 /* SnowSeekerApp.swift in Sources */ = {isa = PBXBuildFile; fileRef = E9A2034E2864D8C300A7D6A5 /* SnowSeekerApp.swift */; };
		E9A203512864D8C300A7D6A5 /* ContentView.swift in Sources */ = {isa = PBXBuildFile; fileRef = E9A203502864D8C300A7D6A5 /* ContentView.swift */; };
		E9A203532864D8C700A7D6A5 /* Assets.xcassets in Resources */ = {isa = PBXBuildFile; fileRef = E9A203522864D8C700A7D6A5 /* Assets.xcassets */; };
		E9A203562864D8C700A7D6A5 /* Preview Assets.xcassets in Resources */ = {isa = PBXBuildFile; fileRef = E9A203552864D8C700A7D6A5 /* Preview Assets.xcassets */; };
/* End PBXBuildFile section */

/* Begin PBXFileReference section */
		E95C3F372866528E008ECDFE /* Facility.swift */ = {isa = PBXFileReference; lastKnownFileType = sourcecode.swift; path = Facility.swift; sourceTree = "<group>"; };
		E95C3F3928665A4D008ECDFE /* Favorites.swift */ = {isa = PBXFileReference; lastKnownFileType = sourcecode.swift; path = Favorites.swift; sourceTree = "<group>"; };
		E95C3F3B28667419008ECDFE /* FileManager-DocumentsDirectory.swift */ = {isa = PBXFileReference; fileEncoding = 4; lastKnownFileType = sourcecode.swift; path = "FileManager-DocumentsDirectory.swift"; sourceTree = "<group>"; };
		E97EE4C82865FC6C0079C2D5 /* resorts.json */ = {isa = PBXFileReference; fileEncoding = 4; lastKnownFileType = text.json; path = resorts.json; sourceTree = "<group>"; };
		E97EE4CA2865FD500079C2D5 /* Resort.swift */ = {isa = PBXFileReference; lastKnownFileType = sourcecode.swift; path = Resort.swift; sourceTree = "<group>"; };
		E97EE4CC2865FE260079C2D5 /* Bundle-Decodable.swift */ = {isa = PBXFileReference; lastKnownFileType = sourcecode.swift; path = "Bundle-Decodable.swift"; sourceTree = "<group>"; };
		E97EE4CE286619B60079C2D5 /* WelcomeView.swift */ = {isa = PBXFileReference; lastKnownFileType = sourcecode.swift; path = WelcomeView.swift; sourceTree = "<group>"; };
		E97EE4D0286626790079C2D5 /* ResortView.swift */ = {isa = PBXFileReference; lastKnownFileType = sourcecode.swift; path = ResortView.swift; sourceTree = "<group>"; };
		E97EE4D2286628320079C2D5 /* SkiDetailsView.swift */ = {isa = PBXFileReference; lastKnownFileType = sourcecode.swift; path = SkiDetailsView.swift; sourceTree = "<group>"; };
		E97EE4D4286629260079C2D5 /* ResortDetailsView.swift */ = {isa = PBXFileReference; lastKnownFileType = sourcecode.swift; path = ResortDetailsView.swift; sourceTree = "<group>"; };
		E9A2034B2864D8C300A7D6A5 /* SnowSeeker.app */ = {isa = PBXFileReference; explicitFileType = wrapper.application; includeInIndex = 0; path = SnowSeeker.app; sourceTree = BUILT_PRODUCTS_DIR; };
		E9A2034E2864D8C300A7D6A5 /* SnowSeekerApp.swift */ = {isa = PBXFileReference; lastKnownFileType = sourcecode.swift; path = SnowSeekerApp.swift; sourceTree = "<group>"; };
		E9A203502864D8C300A7D6A5 /* ContentView.swift */ = {isa = PBXFileReference; lastKnownFileType = sourcecode.swift; path = ContentView.swift; sourceTree = "<group>"; };
		E9A203522864D8C700A7D6A5 /* Assets.xcassets */ = {isa = PBXFileReference; lastKnownFileType = folder.assetcatalog; path = Assets.xcassets; sourceTree = "<group>"; };
		E9A203552864D8C700A7D6A5 /* Preview Assets.xcassets */ = {isa = PBXFileReference; lastKnownFileType = folder.assetcatalog; path = "Preview Assets.xcassets"; sourceTree = "<group>"; };
/* End PBXFileReference section */

/* Begin PBXFrameworksBuildPhase section */
		E9A203482864D8C300A7D6A5 /* Frameworks */ = {
			isa = PBXFrameworksBuildPhase;
			buildActionMask = 2147483647;
			files = (
			);
			runOnlyForDeploymentPostprocessing = 0;
		};
/* End PBXFrameworksBuildPhase section */

/* Begin PBXGroup section */
		E9A203422864D8C300A7D6A5 = {
			isa = PBXGroup;
			children = (
				E9A2034D2864D8C300A7D6A5 /* SnowSeeker */,
				E9A2034C2864D8C300A7D6A5 /* Products */,
			);
			sourceTree = "<group>";
		};
		E9A2034C2864D8C300A7D6A5 /* Products */ = {
			isa = PBXGroup;
			children = (
				E9A2034B2864D8C300A7D6A5 /* SnowSeeker.app */,
			);
			name = Products;
			sourceTree = "<group>";
		};
		E9A2034D2864D8C300A7D6A5 /* SnowSeeker */ = {
			isa = PBXGroup;
			children = (
				E9A2034E2864D8C300A7D6A5 /* SnowSeekerApp.swift */,
				E9A203502864D8C300A7D6A5 /* ContentView.swift */,
				E97EE4D0286626790079C2D5 /* ResortView.swift */,
				E97EE4D2286628320079C2D5 /* SkiDetailsView.swift */,
				E97EE4D4286629260079C2D5 /* ResortDetailsView.swift */,
				E97EE4CE286619B60079C2D5 /* WelcomeView.swift */,
				E97EE4CA2865FD500079C2D5 /* Resort.swift */,
				E95C3F3928665A4D008ECDFE /* Favorites.swift */,
				E95C3F372866528E008ECDFE /* Facility.swift */,
				E97EE4CC2865FE260079C2D5 /* Bundle-Decodable.swift */,
				E95C3F3B28667419008ECDFE /* FileManager-DocumentsDirectory.swift */,
				E97EE4C82865FC6C0079C2D5 /* resorts.json */,
				E9A203522864D8C700A7D6A5 /* Assets.xcassets */,
				E9A203542864D8C700A7D6A5 /* Preview Content */,
			);
			path = SnowSeeker;
			sourceTree = "<group>";
		};
		E9A203542864D8C700A7D6A5 /* Preview Content */ = {
			isa = PBXGroup;
			children = (
				E9A203552864D8C700A7D6A5 /* Preview Assets.xcassets */,
			);
			path = "Preview Content";
			sourceTree = "<group>";
		};
/* End PBXGroup section */

/* Begin PBXNativeTarget section */
		E9A2034A2864D8C300A7D6A5 /* SnowSeeker */ = {
			isa = PBXNativeTarget;
			buildConfigurationList = E9A203592864D8C700A7D6A5 /* Build configuration list for PBXNativeTarget "SnowSeeker" */;
			buildPhases = (
				E9A203472864D8C300A7D6A5 /* Sources */,
				E9A203482864D8C300A7D6A5 /* Frameworks */,
				E9A203492864D8C300A7D6A5 /* Resources */,
			);
			buildRules = (
			);
			dependencies = (
			);
			name = SnowSeeker;
			productName = SnowSeeker;
			productReference = E9A2034B2864D8C300A7D6A5 /* SnowSeeker.app */;
			productType = "com.apple.product-type.application";
		};
/* End PBXNativeTarget section */

/* Begin PBXProject section */
		E9A203432864D8C300A7D6A5 /* Project object */ = {
			isa = PBXProject;
			attributes = {
				BuildIndependentTargetsInParallel = 1;
				LastSwiftUpdateCheck = 1330;
				LastUpgradeCheck = 1330;
				TargetAttributes = {
					E9A2034A2864D8C300A7D6A5 = {
						CreatedOnToolsVersion = 13.3;
					};
				};
			};
			buildConfigurationList = E9A203462864D8C300A7D6A5 /* Build configuration list for PBXProject "SnowSeeker" */;
			compatibilityVersion = "Xcode 13.0";
			developmentRegion = en;
			hasScannedForEncodings = 0;
			knownRegions = (
				en,
				Base,
			);
			mainGroup = E9A203422864D8C300A7D6A5;
			productRefGroup = E9A2034C2864D8C300A7D6A5 /* Products */;
			projectDirPath = "";
			projectRoot = "";
			targets = (
				E9A2034A2864D8C300A7D6A5 /* SnowSeeker */,
			);
		};
/* End PBXProject section */

/* Begin PBXResourcesBuildPhase section */
		E9A203492864D8C300A7D6A5 /* Resources */ = {
			isa = PBXResourcesBuildPhase;
			buildActionMask = 2147483647;
			files = (
				E97EE4C92865FC6C0079C2D5 /* resorts.json in Resources */,
				E9A203562864D8C700A7D6A5 /* Preview Assets.xcassets in Resources */,
				E9A203532864D8C700A7D6A5 /* Assets.xcassets in Resources */,
			);
			runOnlyForDeploymentPostprocessing = 0;
		};
/* End PBXResourcesBuildPhase section */

/* Begin PBXSourcesBuildPhase section */
		E9A203472864D8C300A7D6A5 /* Sources */ = {
			isa = PBXSourcesBuildPhase;
			buildActionMask = 2147483647;
			files = (
				E97EE4CF286619B60079C2D5 /* WelcomeView.swift in Sources */,
				E95C3F3C2866741A008ECDFE /* FileManager-DocumentsDirectory.swift in Sources */,
				E97EE4D3286628320079C2D5 /* SkiDetailsView.swift in Sources */,
				E97EE4D5286629260079C2D5 /* ResortDetailsView.swift in Sources */,
				E95C3F3A28665A4D008ECDFE /* Favorites.swift in Sources */,
				E95C3F382866528E008ECDFE /* Facility.swift in Sources */,
				E9A203512864D8C300A7D6A5 /* ContentView.swift in Sources */,
				E97EE4CB2865FD500079C2D5 /* Resort.swift in Sources */,
				E97EE4D1286626790079C2D5 /* ResortView.swift in Sources */,
				E9A2034F2864D8C300A7D6A5 /* SnowSeekerApp.swift in Sources */,
				E97EE4CD2865FE260079C2D5 /* Bundle-Decodable.swift in Sources */,
			);
			runOnlyForDeploymentPostprocessing = 0;
		};
/* End PBXSourcesBuildPhase section */

/* Begin XCBuildConfiguration section */
		E9A203572864D8C700A7D6A5 /* Debug */ = {
			isa = XCBuildConfiguration;
			buildSettings = {
				ALWAYS_SEARCH_USER_PATHS = NO;
				CLANG_ANALYZER_NONNULL = YES;
				CLANG_ANALYZER_NUMBER_OBJECT_CONVERSION = YES_AGGRESSIVE;
				CLANG_CXX_LANGUAGE_STANDARD = "gnu++17";
				CLANG_ENABLE_MODULES = YES;
				CLANG_ENABLE_OBJC_ARC = YES;
				CLANG_ENABLE_OBJC_WEAK = YES;
				CLANG_WARN_BLOCK_CAPTURE_AUTORELEASING = YES;
				CLANG_WARN_BOOL_CONVERSION = YES;
				CLANG_WARN_COMMA = YES;
				CLANG_WARN_CONSTANT_CONVERSION = YES;
				CLANG_WARN_DEPRECATED_OBJC_IMPLEMENTATIONS = YES;
				CLANG_WARN_DIRECT_OBJC_ISA_USAGE = YES_ERROR;
				CLANG_WARN_DOCUMENTATION_COMMENTS = YES;
				CLANG_WARN_EMPTY_BODY = YES;
				CLANG_WARN_ENUM_CONVERSION = YES;
				CLANG_WARN_INFINITE_RECURSION = YES;
				CLANG_WARN_INT_CONVERSION = YES;
				CLANG_WARN_NON_LITERAL_NULL_CONVERSION = YES;
				CLANG_WARN_OBJC_IMPLICIT_RETAIN_SELF = YES;
				CLANG_WARN_OBJC_LITERAL_CONVERSION = YES;
				CLANG_WARN_OBJC_ROOT_CLASS = YES_ERROR;
				CLANG_WARN_QUOTED_INCLUDE_IN_FRAMEWORK_HEADER = YES;
				CLANG_WARN_RANGE_LOOP_ANALYSIS = YES;
				CLANG_WARN_STRICT_PROTOTYPES = YES;
				CLANG_WARN_SUSPICIOUS_MOVE = YES;
				CLANG_WARN_UNGUARDED_AVAILABILITY = YES_AGGRESSIVE;
				CLANG_WARN_UNREACHABLE_CODE = YES;
				CLANG_WARN__DUPLICATE_METHOD_MATCH = YES;
				COPY_PHASE_STRIP = NO;
				DEBUG_INFORMATION_FORMAT = dwarf;
				ENABLE_STRICT_OBJC_MSGSEND = YES;
				ENABLE_TESTABILITY = YES;
				GCC_C_LANGUAGE_STANDARD = gnu11;
				GCC_DYNAMIC_NO_PIC = NO;
				GCC_NO_COMMON_BLOCKS = YES;
				GCC_OPTIMIZATION_LEVEL = 0;
				GCC_PREPROCESSOR_DEFINITIONS = (
					"DEBUG=1",
					"$(inherited)",
				);
				GCC_WARN_64_TO_32_BIT_CONVERSION = YES;
				GCC_WARN_ABOUT_RETURN_TYPE = YES_ERROR;
				GCC_WARN_UNDECLARED_SELECTOR = YES;
				GCC_WARN_UNINITIALIZED_AUTOS = YES_AGGRESSIVE;
				GCC_WARN_UNUSED_FUNCTION = YES;
				GCC_WARN_UNUSED_VARIABLE = YES;
				IPHONEOS_DEPLOYMENT_TARGET = 15.0;
				MTL_ENABLE_DEBUG_INFO = INCLUDE_SOURCE;
				MTL_FAST_MATH = YES;
				ONLY_ACTIVE_ARCH = YES;
				SDKROOT = iphoneos;
				SWIFT_ACTIVE_COMPILATION_CONDITIONS = DEBUG;
				SWIFT_OPTIMIZATION_LEVEL = "-Onone";
			};
			name = Debug;
		};
		E9A203582864D8C700A7D6A5 /* Release */ = {
			isa = XCBuildConfiguration;
			buildSettings = {
				ALWAYS_SEARCH_USER_PATHS = NO;
				CLANG_ANALYZER_NONNULL = YES;
				CLANG_ANALYZER_NUMBER_OBJECT_CONVERSION = YES_AGGRESSIVE;
				CLANG_CXX_LANGUAGE_STANDARD = "gnu++17";
				CLANG_ENABLE_MODULES = YES;
				CLANG_ENABLE_OBJC_ARC = YES;
				CLANG_ENABLE_OBJC_WEAK = YES;
				CLANG_WARN_BLOCK_CAPTURE_AUTORELEASING = YES;
				CLANG_WARN_BOOL_CONVERSION = YES;
				CLANG_WARN_COMMA = YES;
				CLANG_WARN_CONSTANT_CONVERSION = YES;
				CLANG_WARN_DEPRECATED_OBJC_IMPLEMENTATIONS = YES;
				CLANG_WARN_DIRECT_OBJC_ISA_USAGE = YES_ERROR;
				CLANG_WARN_DOCUMENTATION_COMMENTS = YES;
				CLANG_WARN_EMPTY_BODY = YES;
				CLANG_WARN_ENUM_CONVERSION = YES;
				CLANG_WARN_INFINITE_RECURSION = YES;
				CLANG_WARN_INT_CONVERSION = YES;
				CLANG_WARN_NON_LITERAL_NULL_CONVERSION = YES;
				CLANG_WARN_OBJC_IMPLICIT_RETAIN_SELF = YES;
				CLANG_WARN_OBJC_LITERAL_CONVERSION = YES;
				CLANG_WARN_OBJC_ROOT_CLASS = YES_ERROR;
				CLANG_WARN_QUOTED_INCLUDE_IN_FRAMEWORK_HEADER = YES;
				CLANG_WARN_RANGE_LOOP_ANALYSIS = YES;
				CLANG_WARN_STRICT_PROTOTYPES = YES;
				CLANG_WARN_SUSPICIOUS_MOVE = YES;
				CLANG_WARN_UNGUARDED_AVAILABILITY = YES_AGGRESSIVE;
				CLANG_WARN_UNREACHABLE_CODE = YES;
				CLANG_WARN__DUPLICATE_METHOD_MATCH = YES;
				COPY_PHASE_STRIP = NO;
				DEBUG_INFORMATION_FORMAT = "dwarf-with-dsym";
				ENABLE_NS_ASSERTIONS = NO;
				ENABLE_STRICT_OBJC_MSGSEND = YES;
				GCC_C_LANGUAGE_STANDARD = gnu11;
				GCC_NO_COMMON_BLOCKS = YES;
				GCC_WARN_64_TO_32_BIT_CONVERSION = YES;
				GCC_WARN_ABOUT_RETURN_TYPE = YES_ERROR;
				GCC_WARN_UNDECLARED_SELECTOR = YES;
				GCC_WARN_UNINITIALIZED_AUTOS = YES_AGGRESSIVE;
				GCC_WARN_UNUSED_FUNCTION = YES;
				GCC_WARN_UNUSED_VARIABLE = YES;
				IPHONEOS_DEPLOYMENT_TARGET = 15.0;
				MTL_ENABLE_DEBUG_INFO = NO;
				MTL_FAST_MATH = YES;
				SDKROOT = iphoneos;
				SWIFT_COMPILATION_MODE = wholemodule;
				SWIFT_OPTIMIZATION_LEVEL = "-O";
				VALIDATE_PRODUCT = YES;
			};
			name = Release;
		};
		E9A2035A2864D8C700A7D6A5 /* Debug */ = {
			isa = XCBuildConfiguration;
			buildSettings = {
				ASSETCATALOG_COMPILER_APPICON_NAME = AppIcon;
				ASSETCATALOG_COMPILER_GLOBAL_ACCENT_COLOR_NAME = AccentColor;
				CODE_SIGN_STYLE = Automatic;
				CURRENT_PROJECT_VERSION = 1;
				DEVELOPMENT_ASSET_PATHS = "\"SnowSeeker/Preview Content\"";
				DEVELOPMENT_TEAM = CHBW9266RM;
				ENABLE_PREVIEWS = YES;
				GENERATE_INFOPLIST_FILE = YES;
				INFOPLIST_KEY_UIApplicationSceneManifest_Generation = YES;
				INFOPLIST_KEY_UIApplicationSupportsIndirectInputEvents = YES;
				INFOPLIST_KEY_UILaunchScreen_Generation = YES;
				INFOPLIST_KEY_UISupportedInterfaceOrientations_iPad = "UIInterfaceOrientationPortrait UIInterfaceOrientationPortraitUpsideDown UIInterfaceOrientationLandscapeLeft UIInterfaceOrientationLandscapeRight";
				INFOPLIST_KEY_UISupportedInterfaceOrientations_iPhone = "UIInterfaceOrientationPortrait UIInterfaceOrientationLandscapeLeft UIInterfaceOrientationLandscapeRight";
				LD_RUNPATH_SEARCH_PATHS = (
					"$(inherited)",
					"@executable_path/Frameworks",
				);
				MARKETING_VERSION = 1.0;
				PRODUCT_BUNDLE_IDENTIFIER = me.ericdigioia.SnowSeeker;
				PRODUCT_NAME = "$(TARGET_NAME)";
				SWIFT_EMIT_LOC_STRINGS = YES;
				SWIFT_VERSION = 5.0;
				TARGETED_DEVICE_FAMILY = "1,2";
			};
			name = Debug;
		};
		E9A2035B2864D8C700A7D6A5 /* Release */ = {
			isa = XCBuildConfiguration;
			buildSettings = {
				ASSETCATALOG_COMPILER_APPICON_NAME = AppIcon;
				ASSETCATALOG_COMPILER_GLOBAL_ACCENT_COLOR_NAME = AccentColor;
				CODE_SIGN_STYLE = Automatic;
				CURRENT_PROJECT_VERSION = 1;
				DEVELOPMENT_ASSET_PATHS = "\"SnowSeeker/Preview Content\"";
				DEVELOPMENT_TEAM = CHBW9266RM;
				ENABLE_PREVIEWS = YES;
				GENERATE_INFOPLIST_FILE = YES;
				INFOPLIST_KEY_UIApplicationSceneManifest_Generation = YES;
				INFOPLIST_KEY_UIApplicationSupportsIndirectInputEvents = YES;
				INFOPLIST_KEY_UILaunchScreen_Generation = YES;
				INFOPLIST_KEY_UISupportedInterfaceOrientations_iPad = "UIInterfaceOrientationPortrait UIInterfaceOrientationPortraitUpsideDown UIInterfaceOrientationLandscapeLeft UIInterfaceOrientationLandscapeRight";
				INFOPLIST_KEY_UISupportedInterfaceOrientations_iPhone = "UIInterfaceOrientationPortrait UIInterfaceOrientationLandscapeLeft UIInterfaceOrientationLandscapeRight";
				LD_RUNPATH_SEARCH_PATHS = (
					"$(inherited)",
					"@executable_path/Frameworks",
				);
				MARKETING_VERSION = 1.0;
				PRODUCT_BUNDLE_IDENTIFIER = me.ericdigioia.SnowSeeker;
				PRODUCT_NAME = "$(TARGET_NAME)";
				SWIFT_EMIT_LOC_STRINGS = YES;
				SWIFT_VERSION = 5.0;
				TARGETED_DEVICE_FAMILY = "1,2";
			};
			name = Release;
		};
/* End XCBuildConfiguration section */

/* Begin XCConfigurationList section */
		E9A203462864D8C300A7D6A5 /* Build configuration list for PBXProject "SnowSeeker" */ = {
			isa = XCConfigurationList;
			buildConfigurations = (
				E9A203572864D8C700A7D6A5 /* Debug */,
				E9A203582864D8C700A7D6A5 /* Release */,
			);
			defaultConfigurationIsVisible = 0;
			defaultConfigurationName = Release;
		};
		E9A203592864D8C700A7D6A5 /* Build configuration list for PBXNativeTarget "SnowSeeker" */ = {
			isa = XCConfigurationList;
			buildConfigurations = (
				E9A2035A2864D8C700A7D6A5 /* Debug */,
				E9A2035B2864D8C700A7D6A5 /* Release */,
			);
			defaultConfigurationIsVisible = 0;
			defaultConfigurationName = Release;
		};
/* End XCConfigurationList section */
	};
	rootObject = E9A203432864D8C300A7D6A5 /* Project object */;
}
