// !$*UTF8*$!
{
	archiveVersion = 1;
	classes = {
	};
	objectVersion = 55;
	objects = {

/* Begin PBXBuildFile section */
		E9E81D242821E55100F1B259 /* MoonshotApp.swift in Sources */ = {isa = PBXBuildFile; fileRef = E9E81D232821E55100F1B259 /* MoonshotApp.swift */; };
		E9E81D262821E55100F1B259 /* ContentView.swift in Sources */ = {isa = PBXBuildFile; fileRef = E9E81D252821E55100F1B259 /* ContentView.swift */; };
		E9E81D282821E55400F1B259 /* Assets.xcassets in Resources */ = {isa = PBXBuildFile; fileRef = E9E81D272821E55400F1B259 /* Assets.xcassets */; };
		E9E81D2B2821E55400F1B259 /* Preview Assets.xcassets in Resources */ = {isa = PBXBuildFile; fileRef = E9E81D2A2821E55400F1B259 /* Preview Assets.xcassets */; };
		E9E81D3328230FCC00F1B259 /* astronauts.json in Resources */ = {isa = PBXBuildFile; fileRef = E9E81D3128230FCC00F1B259 /* astronauts.json */; };
		E9E81D3428230FCC00F1B259 /* missions.json in Resources */ = {isa = PBXBuildFile; fileRef = E9E81D3228230FCC00F1B259 /* missions.json */; };
		E9E81D362823106800F1B259 /* Astronaut.swift in Sources */ = {isa = PBXBuildFile; fileRef = E9E81D352823106800F1B259 /* Astronaut.swift */; };
		E9E81D382823110F00F1B259 /* Bundle-Decodable.swift in Sources */ = {isa = PBXBuildFile; fileRef = E9E81D372823110F00F1B259 /* Bundle-Decodable.swift */; };
		E9E81D3A282313F400F1B259 /* Mission.swift in Sources */ = {isa = PBXBuildFile; fileRef = E9E81D39282313F400F1B259 /* Mission.swift */; };
		E9E81D3C28231E2600F1B259 /* Color-Theme.swift in Sources */ = {isa = PBXBuildFile; fileRef = E9E81D3B28231E2600F1B259 /* Color-Theme.swift */; };
		E9E81D3E2824641700F1B259 /* MissionView.swift in Sources */ = {isa = PBXBuildFile; fileRef = E9E81D3D2824641700F1B259 /* MissionView.swift */; };
		E9E81D4028246FCF00F1B259 /* AstronautView.swift in Sources */ = {isa = PBXBuildFile; fileRef = E9E81D3F28246FCF00F1B259 /* AstronautView.swift */; };
		E9E81D422824D14900F1B259 /* MissionHighlightsView.swift in Sources */ = {isa = PBXBuildFile; fileRef = E9E81D412824D14900F1B259 /* MissionHighlightsView.swift */; };
		E9E81D442824D2FB00F1B259 /* CrewView.swift in Sources */ = {isa = PBXBuildFile; fileRef = E9E81D432824D2FB00F1B259 /* CrewView.swift */; };
/* End PBXBuildFile section */

/* Begin PBXFileReference section */
		E9E81D202821E55100F1B259 /* Moonshot.app */ = {isa = PBXFileReference; explicitFileType = wrapper.application; includeInIndex = 0; path = Moonshot.app; sourceTree = BUILT_PRODUCTS_DIR; };
		E9E81D232821E55100F1B259 /* MoonshotApp.swift */ = {isa = PBXFileReference; lastKnownFileType = sourcecode.swift; path = MoonshotApp.swift; sourceTree = "<group>"; };
		E9E81D252821E55100F1B259 /* ContentView.swift */ = {isa = PBXFileReference; lastKnownFileType = sourcecode.swift; path = ContentView.swift; sourceTree = "<group>"; };
		E9E81D272821E55400F1B259 /* Assets.xcassets */ = {isa = PBXFileReference; lastKnownFileType = folder.assetcatalog; path = Assets.xcassets; sourceTree = "<group>"; };
		E9E81D2A2821E55400F1B259 /* Preview Assets.xcassets */ = {isa = PBXFileReference; lastKnownFileType = folder.assetcatalog; path = "Preview Assets.xcassets"; sourceTree = "<group>"; };
		E9E81D3128230FCC00F1B259 /* astronauts.json */ = {isa = PBXFileReference; fileEncoding = 4; lastKnownFileType = text.json; path = astronauts.json; sourceTree = "<group>"; };
		E9E81D3228230FCC00F1B259 /* missions.json */ = {isa = PBXFileReference; fileEncoding = 4; lastKnownFileType = text.json; path = missions.json; sourceTree = "<group>"; };
		E9E81D352823106800F1B259 /* Astronaut.swift */ = {isa = PBXFileReference; lastKnownFileType = sourcecode.swift; path = Astronaut.swift; sourceTree = "<group>"; };
		E9E81D372823110F00F1B259 /* Bundle-Decodable.swift */ = {isa = PBXFileReference; lastKnownFileType = sourcecode.swift; path = "Bundle-Decodable.swift"; sourceTree = "<group>"; };
		E9E81D39282313F400F1B259 /* Mission.swift */ = {isa = PBXFileReference; lastKnownFileType = sourcecode.swift; path = Mission.swift; sourceTree = "<group>"; };
		E9E81D3B28231E2600F1B259 /* Color-Theme.swift */ = {isa = PBXFileReference; lastKnownFileType = sourcecode.swift; path = "Color-Theme.swift"; sourceTree = "<group>"; };
		E9E81D3D2824641700F1B259 /* MissionView.swift */ = {isa = PBXFileReference; lastKnownFileType = sourcecode.swift; path = MissionView.swift; sourceTree = "<group>"; };
		E9E81D3F28246FCF00F1B259 /* AstronautView.swift */ = {isa = PBXFileReference; lastKnownFileType = sourcecode.swift; path = AstronautView.swift; sourceTree = "<group>"; };
		E9E81D412824D14900F1B259 /* MissionHighlightsView.swift */ = {isa = PBXFileReference; lastKnownFileType = sourcecode.swift; path = MissionHighlightsView.swift; sourceTree = "<group>"; };
		E9E81D432824D2FB00F1B259 /* CrewView.swift */ = {isa = PBXFileReference; lastKnownFileType = sourcecode.swift; path = CrewView.swift; sourceTree = "<group>"; };
/* End PBXFileReference section */

/* Begin PBXFrameworksBuildPhase section */
		E9E81D1D2821E55100F1B259 /* Frameworks */ = {
			isa = PBXFrameworksBuildPhase;
			buildActionMask = 2147483647;
			files = (
			);
			runOnlyForDeploymentPostprocessing = 0;
		};
/* End PBXFrameworksBuildPhase section */

/* Begin PBXGroup section */
		E9E81D172821E55100F1B259 = {
			isa = PBXGroup;
			children = (
				E9E81D222821E55100F1B259 /* Moonshot */,
				E9E81D212821E55100F1B259 /* Products */,
			);
			sourceTree = "<group>";
		};
		E9E81D212821E55100F1B259 /* Products */ = {
			isa = PBXGroup;
			children = (
				E9E81D202821E55100F1B259 /* Moonshot.app */,
			);
			name = Products;
			sourceTree = "<group>";
		};
		E9E81D222821E55100F1B259 /* Moonshot */ = {
			isa = PBXGroup;
			children = (
				E9E81D232821E55100F1B259 /* MoonshotApp.swift */,
				E9E81D252821E55100F1B259 /* ContentView.swift */,
				E9E81D3D2824641700F1B259 /* MissionView.swift */,
				E9E81D432824D2FB00F1B259 /* CrewView.swift */,
				E9E81D412824D14900F1B259 /* MissionHighlightsView.swift */,
				E9E81D3F28246FCF00F1B259 /* AstronautView.swift */,
				E9E81D3B28231E2600F1B259 /* Color-Theme.swift */,
				E9E81D352823106800F1B259 /* Astronaut.swift */,
				E9E81D39282313F400F1B259 /* Mission.swift */,
				E9E81D372823110F00F1B259 /* Bundle-Decodable.swift */,
				E9E81D3128230FCC00F1B259 /* astronauts.json */,
				E9E81D3228230FCC00F1B259 /* missions.json */,
				E9E81D272821E55400F1B259 /* Assets.xcassets */,
				E9E81D292821E55400F1B259 /* Preview Content */,
			);
			path = Moonshot;
			sourceTree = "<group>";
		};
		E9E81D292821E55400F1B259 /* Preview Content */ = {
			isa = PBXGroup;
			children = (
				E9E81D2A2821E55400F1B259 /* Preview Assets.xcassets */,
			);
			path = "Preview Content";
			sourceTree = "<group>";
		};
/* End PBXGroup section */

/* Begin PBXNativeTarget section */
		E9E81D1F2821E55100F1B259 /* Moonshot */ = {
			isa = PBXNativeTarget;
			buildConfigurationList = E9E81D2E2821E55400F1B259 /* Build configuration list for PBXNativeTarget "Moonshot" */;
			buildPhases = (
				E9E81D1C2821E55100F1B259 /* Sources */,
				E9E81D1D2821E55100F1B259 /* Frameworks */,
				E9E81D1E2821E55100F1B259 /* Resources */,
			);
			buildRules = (
			);
			dependencies = (
			);
			name = Moonshot;
			productName = Moonshot;
			productReference = E9E81D202821E55100F1B259 /* Moonshot.app */;
			productType = "com.apple.product-type.application";
		};
/* End PBXNativeTarget section */

/* Begin PBXProject section */
		E9E81D182821E55100F1B259 /* Project object */ = {
			isa = PBXProject;
			attributes = {
				BuildIndependentTargetsInParallel = 1;
				LastSwiftUpdateCheck = 1330;
				LastUpgradeCheck = 1330;
				TargetAttributes = {
					E9E81D1F2821E55100F1B259 = {
						CreatedOnToolsVersion = 13.3;
					};
				};
			};
			buildConfigurationList = E9E81D1B2821E55100F1B259 /* Build configuration list for PBXProject "Moonshot" */;
			compatibilityVersion = "Xcode 13.0";
			developmentRegion = en;
			hasScannedForEncodings = 0;
			knownRegions = (
				en,
				Base,
			);
			mainGroup = E9E81D172821E55100F1B259;
			productRefGroup = E9E81D212821E55100F1B259 /* Products */;
			projectDirPath = "";
			projectRoot = "";
			targets = (
				E9E81D1F2821E55100F1B259 /* Moonshot */,
			);
		};
/* End PBXProject section */

/* Begin PBXResourcesBuildPhase section */
		E9E81D1E2821E55100F1B259 /* Resources */ = {
			isa = PBXResourcesBuildPhase;
			buildActionMask = 2147483647;
			files = (
				E9E81D3328230FCC00F1B259 /* astronauts.json in Resources */,
				E9E81D2B2821E55400F1B259 /* Preview Assets.xcassets in Resources */,
				E9E81D3428230FCC00F1B259 /* missions.json in Resources */,
				E9E81D282821E55400F1B259 /* Assets.xcassets in Resources */,
			);
			runOnlyForDeploymentPostprocessing = 0;
		};
/* End PBXResourcesBuildPhase section */

/* Begin PBXSourcesBuildPhase section */
		E9E81D1C2821E55100F1B259 /* Sources */ = {
			isa = PBXSourcesBuildPhase;
			buildActionMask = 2147483647;
			files = (
				E9E81D422824D14900F1B259 /* MissionHighlightsView.swift in Sources */,
				E9E81D3E2824641700F1B259 /* MissionView.swift in Sources */,
				E9E81D362823106800F1B259 /* Astronaut.swift in Sources */,
				E9E81D4028246FCF00F1B259 /* AstronautView.swift in Sources */,
				E9E81D3C28231E2600F1B259 /* Color-Theme.swift in Sources */,
				E9E81D442824D2FB00F1B259 /* CrewView.swift in Sources */,
				E9E81D262821E55100F1B259 /* ContentView.swift in Sources */,
				E9E81D242821E55100F1B259 /* MoonshotApp.swift in Sources */,
				E9E81D3A282313F400F1B259 /* Mission.swift in Sources */,
				E9E81D382823110F00F1B259 /* Bundle-Decodable.swift in Sources */,
			);
			runOnlyForDeploymentPostprocessing = 0;
		};
/* End PBXSourcesBuildPhase section */

/* Begin XCBuildConfiguration section */
		E9E81D2C2821E55400F1B259 /* Debug */ = {
			isa = XCBuildConfiguration;
			buildSettings = {
				ALWAYS_SEARCH_USER_PATHS = NO;
				CLANG_ANALYZER_NONNULL = YES;
				CLANG_ANALYZER_NUMBER_OBJECT_CONVERSION = YES_AGGRESSIVE;
				CLANG_CXX_LANGUAGE_STANDARD = "gnu++17";
				CLANG_ENABLE_MODULES = YES;
				CLANG_ENABLE_OBJC_ARC = YES;
				CLANG_ENABLE_OBJC_WEAK = YES;
				CLANG_WARN_BLOCK_CAPTURE_AUTORELEASING = YES;
				CLANG_WARN_BOOL_CONVERSION = YES;
				CLANG_WARN_COMMA = YES;
				CLANG_WARN_CONSTANT_CONVERSION = YES;
				CLANG_WARN_DEPRECATED_OBJC_IMPLEMENTATIONS = YES;
				CLANG_WARN_DIRECT_OBJC_ISA_USAGE = YES_ERROR;
				CLANG_WARN_DOCUMENTATION_COMMENTS = YES;
				CLANG_WARN_EMPTY_BODY = YES;
				CLANG_WARN_ENUM_CONVERSION = YES;
				CLANG_WARN_INFINITE_RECURSION = YES;
				CLANG_WARN_INT_CONVERSION = YES;
				CLANG_WARN_NON_LITERAL_NULL_CONVERSION = YES;
				CLANG_WARN_OBJC_IMPLICIT_RETAIN_SELF = YES;
				CLANG_WARN_OBJC_LITERAL_CONVERSION = YES;
				CLANG_WARN_OBJC_ROOT_CLASS = YES_ERROR;
				CLANG_WARN_QUOTED_INCLUDE_IN_FRAMEWORK_HEADER = YES;
				CLANG_WARN_RANGE_LOOP_ANALYSIS = YES;
				CLANG_WARN_STRICT_PROTOTYPES = YES;
				CLANG_WARN_SUSPICIOUS_MOVE = YES;
				CLANG_WARN_UNGUARDED_AVAILABILITY = YES_AGGRESSIVE;
				CLANG_WARN_UNREACHABLE_CODE = YES;
				CLANG_WARN__DUPLICATE_METHOD_MATCH = YES;
				COPY_PHASE_STRIP = NO;
				DEBUG_INFORMATION_FORMAT = dwarf;
				ENABLE_STRICT_OBJC_MSGSEND = YES;
				ENABLE_TESTABILITY = YES;
				GCC_C_LANGUAGE_STANDARD = gnu11;
				GCC_DYNAMIC_NO_PIC = NO;
				GCC_NO_COMMON_BLOCKS = YES;
				GCC_OPTIMIZATION_LEVEL = 0;
				GCC_PREPROCESSOR_DEFINITIONS = (
					"DEBUG=1",
					"$(inherited)",
				);
				GCC_WARN_64_TO_32_BIT_CONVERSION = YES;
				GCC_WARN_ABOUT_RETURN_TYPE = YES_ERROR;
				GCC_WARN_UNDECLARED_SELECTOR = YES;
				GCC_WARN_UNINITIALIZED_AUTOS = YES_AGGRESSIVE;
				GCC_WARN_UNUSED_FUNCTION = YES;
				GCC_WARN_UNUSED_VARIABLE = YES;
				IPHONEOS_DEPLOYMENT_TARGET = 15.0;
				MTL_ENABLE_DEBUG_INFO = INCLUDE_SOURCE;
				MTL_FAST_MATH = YES;
				ONLY_ACTIVE_ARCH = YES;
				SDKROOT = iphoneos;
				SWIFT_ACTIVE_COMPILATION_CONDITIONS = DEBUG;
				SWIFT_OPTIMIZATION_LEVEL = "-Onone";
			};
			name = Debug;
		};
		E9E81D2D2821E55400F1B259 /* Release */ = {
			isa = XCBuildConfiguration;
			buildSettings = {
				ALWAYS_SEARCH_USER_PATHS = NO;
				CLANG_ANALYZER_NONNULL = YES;
				CLANG_ANALYZER_NUMBER_OBJECT_CONVERSION = YES_AGGRESSIVE;
				CLANG_CXX_LANGUAGE_STANDARD = "gnu++17";
				CLANG_ENABLE_MODULES = YES;
				CLANG_ENABLE_OBJC_ARC = YES;
				CLANG_ENABLE_OBJC_WEAK = YES;
				CLANG_WARN_BLOCK_CAPTURE_AUTORELEASING = YES;
				CLANG_WARN_BOOL_CONVERSION = YES;
				CLANG_WARN_COMMA = YES;
				CLANG_WARN_CONSTANT_CONVERSION = YES;
				CLANG_WARN_DEPRECATED_OBJC_IMPLEMENTATIONS = YES;
				CLANG_WARN_DIRECT_OBJC_ISA_USAGE = YES_ERROR;
				CLANG_WARN_DOCUMENTATION_COMMENTS = YES;
				CLANG_WARN_EMPTY_BODY = YES;
				CLANG_WARN_ENUM_CONVERSION = YES;
				CLANG_WARN_INFINITE_RECURSION = YES;
				CLANG_WARN_INT_CONVERSION = YES;
				CLANG_WARN_NON_LITERAL_NULL_CONVERSION = YES;
				CLANG_WARN_OBJC_IMPLICIT_RETAIN_SELF = YES;
				CLANG_WARN_OBJC_LITERAL_CONVERSION = YES;
				CLANG_WARN_OBJC_ROOT_CLASS = YES_ERROR;
				CLANG_WARN_QUOTED_INCLUDE_IN_FRAMEWORK_HEADER = YES;
				CLANG_WARN_RANGE_LOOP_ANALYSIS = YES;
				CLANG_WARN_STRICT_PROTOTYPES = YES;
				CLANG_WARN_SUSPICIOUS_MOVE = YES;
				CLANG_WARN_UNGUARDED_AVAILABILITY = YES_AGGRESSIVE;
				CLANG_WARN_UNREACHABLE_CODE = YES;
				CLANG_WARN__DUPLICATE_METHOD_MATCH = YES;
				COPY_PHASE_STRIP = NO;
				DEBUG_INFORMATION_FORMAT = "dwarf-with-dsym";
				ENABLE_NS_ASSERTIONS = NO;
				ENABLE_STRICT_OBJC_MSGSEND = YES;
				GCC_C_LANGUAGE_STANDARD = gnu11;
				GCC_NO_COMMON_BLOCKS = YES;
				GCC_WARN_64_TO_32_BIT_CONVERSION = YES;
				GCC_WARN_ABOUT_RETURN_TYPE = YES_ERROR;
				GCC_WARN_UNDECLARED_SELECTOR = YES;
				GCC_WARN_UNINITIALIZED_AUTOS = YES_AGGRESSIVE;
				GCC_WARN_UNUSED_FUNCTION = YES;
				GCC_WARN_UNUSED_VARIABLE = YES;
				IPHONEOS_DEPLOYMENT_TARGET = 15.0;
				MTL_ENABLE_DEBUG_INFO = NO;
				MTL_FAST_MATH = YES;
				SDKROOT = iphoneos;
				SWIFT_COMPILATION_MODE = wholemodule;
				SWIFT_OPTIMIZATION_LEVEL = "-O";
				VALIDATE_PRODUCT = YES;
			};
			name = Release;
		};
		E9E81D2F2821E55400F1B259 /* Debug */ = {
			isa = XCBuildConfiguration;
			buildSettings = {
				ASSETCATALOG_COMPILER_APPICON_NAME = AppIcon;
				ASSETCATALOG_COMPILER_GLOBAL_ACCENT_COLOR_NAME = AccentColor;
				CODE_SIGN_STYLE = Automatic;
				CURRENT_PROJECT_VERSION = 1;
				DEVELOPMENT_ASSET_PATHS = "\"Moonshot/Preview Content\"";
				DEVELOPMENT_TEAM = CHBW9266RM;
				ENABLE_PREVIEWS = YES;
				GENERATE_INFOPLIST_FILE = YES;
				INFOPLIST_KEY_UIApplicationSceneManifest_Generation = YES;
				INFOPLIST_KEY_UIApplicationSupportsIndirectInputEvents = YES;
				INFOPLIST_KEY_UILaunchScreen_Generation = YES;
				INFOPLIST_KEY_UISupportedInterfaceOrientations_iPad = "UIInterfaceOrientationPortrait UIInterfaceOrientationPortraitUpsideDown UIInterfaceOrientationLandscapeLeft UIInterfaceOrientationLandscapeRight";
				INFOPLIST_KEY_UISupportedInterfaceOrientations_iPhone = "UIInterfaceOrientationPortrait UIInterfaceOrientationLandscapeLeft UIInterfaceOrientationLandscapeRight";
				LD_RUNPATH_SEARCH_PATHS = (
					"$(inherited)",
					"@executable_path/Frameworks",
				);
				MARKETING_VERSION = 1.0;
				PRODUCT_BUNDLE_IDENTIFIER = me.ericdigioia.Moonshot;
				PRODUCT_NAME = "$(TARGET_NAME)";
				SWIFT_EMIT_LOC_STRINGS = YES;
				SWIFT_VERSION = 5.0;
				TARGETED_DEVICE_FAMILY = "1,2";
			};
			name = Debug;
		};
		E9E81D302821E55400F1B259 /* Release */ = {
			isa = XCBuildConfiguration;
			buildSettings = {
				ASSETCATALOG_COMPILER_APPICON_NAME = AppIcon;
				ASSETCATALOG_COMPILER_GLOBAL_ACCENT_COLOR_NAME = AccentColor;
				CODE_SIGN_STYLE = Automatic;
				CURRENT_PROJECT_VERSION = 1;
				DEVELOPMENT_ASSET_PATHS = "\"Moonshot/Preview Content\"";
				DEVELOPMENT_TEAM = CHBW9266RM;
				ENABLE_PREVIEWS = YES;
				GENERATE_INFOPLIST_FILE = YES;
				INFOPLIST_KEY_UIApplicationSceneManifest_Generation = YES;
				INFOPLIST_KEY_UIApplicationSupportsIndirectInputEvents = YES;
				INFOPLIST_KEY_UILaunchScreen_Generation = YES;
				INFOPLIST_KEY_UISupportedInterfaceOrientations_iPad = "UIInterfaceOrientationPortrait UIInterfaceOrientationPortraitUpsideDown UIInterfaceOrientationLandscapeLeft UIInterfaceOrientationLandscapeRight";
				INFOPLIST_KEY_UISupportedInterfaceOrientations_iPhone = "UIInterfaceOrientationPortrait UIInterfaceOrientationLandscapeLeft UIInterfaceOrientationLandscapeRight";
				LD_RUNPATH_SEARCH_PATHS = (
					"$(inherited)",
					"@executable_path/Frameworks",
				);
				MARKETING_VERSION = 1.0;
				PRODUCT_BUNDLE_IDENTIFIER = me.ericdigioia.Moonshot;
				PRODUCT_NAME = "$(TARGET_NAME)";
				SWIFT_EMIT_LOC_STRINGS = YES;
				SWIFT_VERSION = 5.0;
				TARGETED_DEVICE_FAMILY = "1,2";
			};
			name = Release;
		};
/* End XCBuildConfiguration section */

/* Begin XCConfigurationList section */
		E9E81D1B2821E55100F1B259 /* Build configuration list for PBXProject "Moonshot" */ = {
			isa = XCConfigurationList;
			buildConfigurations = (
				E9E81D2C2821E55400F1B259 /* Debug */,
				E9E81D2D2821E55400F1B259 /* Release */,
			);
			defaultConfigurationIsVisible = 0;
			defaultConfigurationName = Release;
		};
		E9E81D2E2821E55400F1B259 /* Build configuration list for PBXNativeTarget "Moonshot" */ = {
			isa = XCConfigurationList;
			buildConfigurations = (
				E9E81D2F2821E55400F1B259 /* Debug */,
				E9E81D302821E55400F1B259 /* Release */,
			);
			defaultConfigurationIsVisible = 0;
			defaultConfigurationName = Release;
		};
/* End XCConfigurationList section */
	};
	rootObject = E9E81D182821E55100F1B259 /* Project object */;
}
