// !$*UTF8*$!
{
	archiveVersion = 1;
	classes = {
	};
	objectVersion = 55;
	objects = {

/* Begin PBXBuildFile section */
		E93186F42855B19400E7E976 /* Day77ChallengeApp.swift in Sources */ = {isa = PBXBuildFile; fileRef = E93186F32855B19400E7E976 /* Day77ChallengeApp.swift */; };
		E93186F62855B19400E7E976 /* ContentView.swift in Sources */ = {isa = PBXBuildFile; fileRef = E93186F52855B19400E7E976 /* ContentView.swift */; };
		E93186F82855B19700E7E976 /* Assets.xcassets in Resources */ = {isa = PBXBuildFile; fileRef = E93186F72855B19700E7E976 /* Assets.xcassets */; };
		E93186FB2855B19700E7E976 /* Preview Assets.xcassets in Resources */ = {isa = PBXBuildFile; fileRef = E93186FA2855B19700E7E976 /* Preview Assets.xcassets */; };
		E93187022855B27100E7E976 /* ImagePicker.swift in Sources */ = {isa = PBXBuildFile; fileRef = E93187012855B27100E7E976 /* ImagePicker.swift */; };
		E93187042855B4BD00E7E976 /* ContentView-ViewModel.swift in Sources */ = {isa = PBXBuildFile; fileRef = E93187032855B4BD00E7E976 /* ContentView-ViewModel.swift */; };
		E93187062855B55F00E7E976 /* FileManager-DocumentsDirectory.swift in Sources */ = {isa = PBXBuildFile; fileRef = E93187052855B55F00E7E976 /* FileManager-DocumentsDirectory.swift */; };
		E93187082855B7BD00E7E976 /* Item.swift in Sources */ = {isa = PBXBuildFile; fileRef = E93187072855B7BD00E7E976 /* Item.swift */; };
		E931870A2855C32500E7E976 /* EditView.swift in Sources */ = {isa = PBXBuildFile; fileRef = E93187092855C32500E7E976 /* EditView.swift */; };
		E931870C2855D0D300E7E976 /* DetailView.swift in Sources */ = {isa = PBXBuildFile; fileRef = E931870B2855D0D200E7E976 /* DetailView.swift */; };
		E931870E28565BEA00E7E976 /* LocationFetcher.swift in Sources */ = {isa = PBXBuildFile; fileRef = E931870D28565BEA00E7E976 /* LocationFetcher.swift */; };
/* End PBXBuildFile section */

/* Begin PBXFileReference section */
		E93186F02855B19400E7E976 /* Day77Challenge.app */ = {isa = PBXFileReference; explicitFileType = wrapper.application; includeInIndex = 0; path = Day77Challenge.app; sourceTree = BUILT_PRODUCTS_DIR; };
		E93186F32855B19400E7E976 /* Day77ChallengeApp.swift */ = {isa = PBXFileReference; lastKnownFileType = sourcecode.swift; path = Day77ChallengeApp.swift; sourceTree = "<group>"; };
		E93186F52855B19400E7E976 /* ContentView.swift */ = {isa = PBXFileReference; lastKnownFileType = sourcecode.swift; path = ContentView.swift; sourceTree = "<group>"; };
		E93186F72855B19700E7E976 /* Assets.xcassets */ = {isa = PBXFileReference; lastKnownFileType = folder.assetcatalog; path = Assets.xcassets; sourceTree = "<group>"; };
		E93186FA2855B19700E7E976 /* Preview Assets.xcassets */ = {isa = PBXFileReference; lastKnownFileType = folder.assetcatalog; path = "Preview Assets.xcassets"; sourceTree = "<group>"; };
		E93187012855B27100E7E976 /* ImagePicker.swift */ = {isa = PBXFileReference; fileEncoding = 4; lastKnownFileType = sourcecode.swift; path = ImagePicker.swift; sourceTree = "<group>"; };
		E93187032855B4BD00E7E976 /* ContentView-ViewModel.swift */ = {isa = PBXFileReference; lastKnownFileType = sourcecode.swift; path = "ContentView-ViewModel.swift"; sourceTree = "<group>"; };
		E93187052855B55F00E7E976 /* FileManager-DocumentsDirectory.swift */ = {isa = PBXFileReference; fileEncoding = 4; lastKnownFileType = sourcecode.swift; path = "FileManager-DocumentsDirectory.swift"; sourceTree = "<group>"; };
		E93187072855B7BD00E7E976 /* Item.swift */ = {isa = PBXFileReference; lastKnownFileType = sourcecode.swift; path = Item.swift; sourceTree = "<group>"; };
		E93187092855C32500E7E976 /* EditView.swift */ = {isa = PBXFileReference; lastKnownFileType = sourcecode.swift; path = EditView.swift; sourceTree = "<group>"; };
		E931870B2855D0D200E7E976 /* DetailView.swift */ = {isa = PBXFileReference; lastKnownFileType = sourcecode.swift; path = DetailView.swift; sourceTree = "<group>"; };
		E931870D28565BEA00E7E976 /* LocationFetcher.swift */ = {isa = PBXFileReference; lastKnownFileType = sourcecode.swift; path = LocationFetcher.swift; sourceTree = "<group>"; };
/* End PBXFileReference section */

/* Begin PBXFrameworksBuildPhase section */
		E93186ED2855B19400E7E976 /* Frameworks */ = {
			isa = PBXFrameworksBuildPhase;
			buildActionMask = 2147483647;
			files = (
			);
			runOnlyForDeploymentPostprocessing = 0;
		};
/* End PBXFrameworksBuildPhase section */

/* Begin PBXGroup section */
		E93186E72855B19400E7E976 = {
			isa = PBXGroup;
			children = (
				E93186F22855B19400E7E976 /* Day77Challenge */,
				E93186F12855B19400E7E976 /* Products */,
			);
			sourceTree = "<group>";
		};
		E93186F12855B19400E7E976 /* Products */ = {
			isa = PBXGroup;
			children = (
				E93186F02855B19400E7E976 /* Day77Challenge.app */,
			);
			name = Products;
			sourceTree = "<group>";
		};
		E93186F22855B19400E7E976 /* Day77Challenge */ = {
			isa = PBXGroup;
			children = (
				E93186F32855B19400E7E976 /* Day77ChallengeApp.swift */,
				E93186F52855B19400E7E976 /* ContentView.swift */,
				E931870D28565BEA00E7E976 /* LocationFetcher.swift */,
				E931870B2855D0D200E7E976 /* DetailView.swift */,
				E93187032855B4BD00E7E976 /* ContentView-ViewModel.swift */,
				E93187092855C32500E7E976 /* EditView.swift */,
				E93187072855B7BD00E7E976 /* Item.swift */,
				E93187012855B27100E7E976 /* ImagePicker.swift */,
				E93187052855B55F00E7E976 /* FileManager-DocumentsDirectory.swift */,
				E93186F72855B19700E7E976 /* Assets.xcassets */,
				E93186F92855B19700E7E976 /* Preview Content */,
			);
			path = Day77Challenge;
			sourceTree = "<group>";
		};
		E93186F92855B19700E7E976 /* Preview Content */ = {
			isa = PBXGroup;
			children = (
				E93186FA2855B19700E7E976 /* Preview Assets.xcassets */,
			);
			path = "Preview Content";
			sourceTree = "<group>";
		};
/* End PBXGroup section */

/* Begin PBXNativeTarget section */
		E93186EF2855B19400E7E976 /* Day77Challenge */ = {
			isa = PBXNativeTarget;
			buildConfigurationList = E93186FE2855B19700E7E976 /* Build configuration list for PBXNativeTarget "Day77Challenge" */;
			buildPhases = (
				E93186EC2855B19400E7E976 /* Sources */,
				E93186ED2855B19400E7E976 /* Frameworks */,
				E93186EE2855B19400E7E976 /* Resources */,
			);
			buildRules = (
			);
			dependencies = (
			);
			name = Day77Challenge;
			productName = Day77Challenge;
			productReference = E93186F02855B19400E7E976 /* Day77Challenge.app */;
			productType = "com.apple.product-type.application";
		};
/* End PBXNativeTarget section */

/* Begin PBXProject section */
		E93186E82855B19400E7E976 /* Project object */ = {
			isa = PBXProject;
			attributes = {
				BuildIndependentTargetsInParallel = 1;
				LastSwiftUpdateCheck = 1330;
				LastUpgradeCheck = 1330;
				TargetAttributes = {
					E93186EF2855B19400E7E976 = {
						CreatedOnToolsVersion = 13.3;
					};
				};
			};
			buildConfigurationList = E93186EB2855B19400E7E976 /* Build configuration list for PBXProject "Day77Challenge" */;
			compatibilityVersion = "Xcode 13.0";
			developmentRegion = en;
			hasScannedForEncodings = 0;
			knownRegions = (
				en,
				Base,
			);
			mainGroup = E93186E72855B19400E7E976;
			productRefGroup = E93186F12855B19400E7E976 /* Products */;
			projectDirPath = "";
			projectRoot = "";
			targets = (
				E93186EF2855B19400E7E976 /* Day77Challenge */,
			);
		};
/* End PBXProject section */

/* Begin PBXResourcesBuildPhase section */
		E93186EE2855B19400E7E976 /* Resources */ = {
			isa = PBXResourcesBuildPhase;
			buildActionMask = 2147483647;
			files = (
				E93186FB2855B19700E7E976 /* Preview Assets.xcassets in Resources */,
				E93186F82855B19700E7E976 /* Assets.xcassets in Resources */,
			);
			runOnlyForDeploymentPostprocessing = 0;
		};
/* End PBXResourcesBuildPhase section */

/* Begin PBXSourcesBuildPhase section */
		E93186EC2855B19400E7E976 /* Sources */ = {
			isa = PBXSourcesBuildPhase;
			buildActionMask = 2147483647;
			files = (
				E93187022855B27100E7E976 /* ImagePicker.swift in Sources */,
				E931870C2855D0D300E7E976 /* DetailView.swift in Sources */,
				E93187062855B55F00E7E976 /* FileManager-DocumentsDirectory.swift in Sources */,
				E93187042855B4BD00E7E976 /* ContentView-ViewModel.swift in Sources */,
				E93186F62855B19400E7E976 /* ContentView.swift in Sources */,
				E931870A2855C32500E7E976 /* EditView.swift in Sources */,
				E93187082855B7BD00E7E976 /* Item.swift in Sources */,
				E93186F42855B19400E7E976 /* Day77ChallengeApp.swift in Sources */,
				E931870E28565BEA00E7E976 /* LocationFetcher.swift in Sources */,
			);
			runOnlyForDeploymentPostprocessing = 0;
		};
/* End PBXSourcesBuildPhase section */

/* Begin XCBuildConfiguration section */
		E93186FC2855B19700E7E976 /* Debug */ = {
			isa = XCBuildConfiguration;
			buildSettings = {
				ALWAYS_SEARCH_USER_PATHS = NO;
				CLANG_ANALYZER_NONNULL = YES;
				CLANG_ANALYZER_NUMBER_OBJECT_CONVERSION = YES_AGGRESSIVE;
				CLANG_CXX_LANGUAGE_STANDARD = "gnu++17";
				CLANG_ENABLE_MODULES = YES;
				CLANG_ENABLE_OBJC_ARC = YES;
				CLANG_ENABLE_OBJC_WEAK = YES;
				CLANG_WARN_BLOCK_CAPTURE_AUTORELEASING = YES;
				CLANG_WARN_BOOL_CONVERSION = YES;
				CLANG_WARN_COMMA = YES;
				CLANG_WARN_CONSTANT_CONVERSION = YES;
				CLANG_WARN_DEPRECATED_OBJC_IMPLEMENTATIONS = YES;
				CLANG_WARN_DIRECT_OBJC_ISA_USAGE = YES_ERROR;
				CLANG_WARN_DOCUMENTATION_COMMENTS = YES;
				CLANG_WARN_EMPTY_BODY = YES;
				CLANG_WARN_ENUM_CONVERSION = YES;
				CLANG_WARN_INFINITE_RECURSION = YES;
				CLANG_WARN_INT_CONVERSION = YES;
				CLANG_WARN_NON_LITERAL_NULL_CONVERSION = YES;
				CLANG_WARN_OBJC_IMPLICIT_RETAIN_SELF = YES;
				CLANG_WARN_OBJC_LITERAL_CONVERSION = YES;
				CLANG_WARN_OBJC_ROOT_CLASS = YES_ERROR;
				CLANG_WARN_QUOTED_INCLUDE_IN_FRAMEWORK_HEADER = YES;
				CLANG_WARN_RANGE_LOOP_ANALYSIS = YES;
				CLANG_WARN_STRICT_PROTOTYPES = YES;
				CLANG_WARN_SUSPICIOUS_MOVE = YES;
				CLANG_WARN_UNGUARDED_AVAILABILITY = YES_AGGRESSIVE;
				CLANG_WARN_UNREACHABLE_CODE = YES;
				CLANG_WARN__DUPLICATE_METHOD_MATCH = YES;
				COPY_PHASE_STRIP = NO;
				DEBUG_INFORMATION_FORMAT = dwarf;
				ENABLE_STRICT_OBJC_MSGSEND = YES;
				ENABLE_TESTABILITY = YES;
				GCC_C_LANGUAGE_STANDARD = gnu11;
				GCC_DYNAMIC_NO_PIC = NO;
				GCC_NO_COMMON_BLOCKS = YES;
				GCC_OPTIMIZATION_LEVEL = 0;
				GCC_PREPROCESSOR_DEFINITIONS = (
					"DEBUG=1",
					"$(inherited)",
				);
				GCC_WARN_64_TO_32_BIT_CONVERSION = YES;
				GCC_WARN_ABOUT_RETURN_TYPE = YES_ERROR;
				GCC_WARN_UNDECLARED_SELECTOR = YES;
				GCC_WARN_UNINITIALIZED_AUTOS = YES_AGGRESSIVE;
				GCC_WARN_UNUSED_FUNCTION = YES;
				GCC_WARN_UNUSED_VARIABLE = YES;
				IPHONEOS_DEPLOYMENT_TARGET = 15.0;
				MTL_ENABLE_DEBUG_INFO = INCLUDE_SOURCE;
				MTL_FAST_MATH = YES;
				ONLY_ACTIVE_ARCH = YES;
				SDKROOT = iphoneos;
				SWIFT_ACTIVE_COMPILATION_CONDITIONS = DEBUG;
				SWIFT_OPTIMIZATION_LEVEL = "-Onone";
			};
			name = Debug;
		};
		E93186FD2855B19700E7E976 /* Release */ = {
			isa = XCBuildConfiguration;
			buildSettings = {
				ALWAYS_SEARCH_USER_PATHS = NO;
				CLANG_ANALYZER_NONNULL = YES;
				CLANG_ANALYZER_NUMBER_OBJECT_CONVERSION = YES_AGGRESSIVE;
				CLANG_CXX_LANGUAGE_STANDARD = "gnu++17";
				CLANG_ENABLE_MODULES = YES;
				CLANG_ENABLE_OBJC_ARC = YES;
				CLANG_ENABLE_OBJC_WEAK = YES;
				CLANG_WARN_BLOCK_CAPTURE_AUTORELEASING = YES;
				CLANG_WARN_BOOL_CONVERSION = YES;
				CLANG_WARN_COMMA = YES;
				CLANG_WARN_CONSTANT_CONVERSION = YES;
				CLANG_WARN_DEPRECATED_OBJC_IMPLEMENTATIONS = YES;
				CLANG_WARN_DIRECT_OBJC_ISA_USAGE = YES_ERROR;
				CLANG_WARN_DOCUMENTATION_COMMENTS = YES;
				CLANG_WARN_EMPTY_BODY = YES;
				CLANG_WARN_ENUM_CONVERSION = YES;
				CLANG_WARN_INFINITE_RECURSION = YES;
				CLANG_WARN_INT_CONVERSION = YES;
				CLANG_WARN_NON_LITERAL_NULL_CONVERSION = YES;
				CLANG_WARN_OBJC_IMPLICIT_RETAIN_SELF = YES;
				CLANG_WARN_OBJC_LITERAL_CONVERSION = YES;
				CLANG_WARN_OBJC_ROOT_CLASS = YES_ERROR;
				CLANG_WARN_QUOTED_INCLUDE_IN_FRAMEWORK_HEADER = YES;
				CLANG_WARN_RANGE_LOOP_ANALYSIS = YES;
				CLANG_WARN_STRICT_PROTOTYPES = YES;
				CLANG_WARN_SUSPICIOUS_MOVE = YES;
				CLANG_WARN_UNGUARDED_AVAILABILITY = YES_AGGRESSIVE;
				CLANG_WARN_UNREACHABLE_CODE = YES;
				CLANG_WARN__DUPLICATE_METHOD_MATCH = YES;
				COPY_PHASE_STRIP = NO;
				DEBUG_INFORMATION_FORMAT = "dwarf-with-dsym";
				ENABLE_NS_ASSERTIONS = NO;
				ENABLE_STRICT_OBJC_MSGSEND = YES;
				GCC_C_LANGUAGE_STANDARD = gnu11;
				GCC_NO_COMMON_BLOCKS = YES;
				GCC_WARN_64_TO_32_BIT_CONVERSION = YES;
				GCC_WARN_ABOUT_RETURN_TYPE = YES_ERROR;
				GCC_WARN_UNDECLARED_SELECTOR = YES;
				GCC_WARN_UNINITIALIZED_AUTOS = YES_AGGRESSIVE;
				GCC_WARN_UNUSED_FUNCTION = YES;
				GCC_WARN_UNUSED_VARIABLE = YES;
				IPHONEOS_DEPLOYMENT_TARGET = 15.0;
				MTL_ENABLE_DEBUG_INFO = NO;
				MTL_FAST_MATH = YES;
				SDKROOT = iphoneos;
				SWIFT_COMPILATION_MODE = wholemodule;
				SWIFT_OPTIMIZATION_LEVEL = "-O";
				VALIDATE_PRODUCT = YES;
			};
			name = Release;
		};
		E93186FF2855B19700E7E976 /* Debug */ = {
			isa = XCBuildConfiguration;
			buildSettings = {
				ASSETCATALOG_COMPILER_APPICON_NAME = AppIcon;
				ASSETCATALOG_COMPILER_GLOBAL_ACCENT_COLOR_NAME = AccentColor;
				CODE_SIGN_STYLE = Automatic;
				CURRENT_PROJECT_VERSION = 1;
				DEVELOPMENT_ASSET_PATHS = "\"Day77Challenge/Preview Content\"";
				DEVELOPMENT_TEAM = CHBW9266RM;
				ENABLE_PREVIEWS = YES;
				GENERATE_INFOPLIST_FILE = YES;
				INFOPLIST_KEY_NSLocationWhenInUseUsageDescription = "We want to attach your location to your images.";
				INFOPLIST_KEY_NSPhotoLibraryUsageDescription = "We need access to your photo library to import images.";
				INFOPLIST_KEY_UIApplicationSceneManifest_Generation = YES;
				INFOPLIST_KEY_UIApplicationSupportsIndirectInputEvents = YES;
				INFOPLIST_KEY_UILaunchScreen_Generation = YES;
				INFOPLIST_KEY_UISupportedInterfaceOrientations_iPad = "UIInterfaceOrientationPortrait UIInterfaceOrientationPortraitUpsideDown UIInterfaceOrientationLandscapeLeft UIInterfaceOrientationLandscapeRight";
				INFOPLIST_KEY_UISupportedInterfaceOrientations_iPhone = "UIInterfaceOrientationPortrait UIInterfaceOrientationLandscapeLeft UIInterfaceOrientationLandscapeRight";
				LD_RUNPATH_SEARCH_PATHS = (
					"$(inherited)",
					"@executable_path/Frameworks",
				);
				MARKETING_VERSION = 1.0;
				PRODUCT_BUNDLE_IDENTIFIER = me.ericdigioia.Day77Challenge;
				PRODUCT_NAME = "$(TARGET_NAME)";
				SWIFT_EMIT_LOC_STRINGS = YES;
				SWIFT_VERSION = 5.0;
				TARGETED_DEVICE_FAMILY = "1,2";
			};
			name = Debug;
		};
		E93187002855B19700E7E976 /* Release */ = {
			isa = XCBuildConfiguration;
			buildSettings = {
				ASSETCATALOG_COMPILER_APPICON_NAME = AppIcon;
				ASSETCATALOG_COMPILER_GLOBAL_ACCENT_COLOR_NAME = AccentColor;
				CODE_SIGN_STYLE = Automatic;
				CURRENT_PROJECT_VERSION = 1;
				DEVELOPMENT_ASSET_PATHS = "\"Day77Challenge/Preview Content\"";
				DEVELOPMENT_TEAM = CHBW9266RM;
				ENABLE_PREVIEWS = YES;
				GENERATE_INFOPLIST_FILE = YES;
				INFOPLIST_KEY_NSLocationWhenInUseUsageDescription = "We want to attach your location to your images.";
				INFOPLIST_KEY_NSPhotoLibraryUsageDescription = "We need access to your photo library to import images.";
				INFOPLIST_KEY_UIApplicationSceneManifest_Generation = YES;
				INFOPLIST_KEY_UIApplicationSupportsIndirectInputEvents = YES;
				INFOPLIST_KEY_UILaunchScreen_Generation = YES;
				INFOPLIST_KEY_UISupportedInterfaceOrientations_iPad = "UIInterfaceOrientationPortrait UIInterfaceOrientationPortraitUpsideDown UIInterfaceOrientationLandscapeLeft UIInterfaceOrientationLandscapeRight";
				INFOPLIST_KEY_UISupportedInterfaceOrientations_iPhone = "UIInterfaceOrientationPortrait UIInterfaceOrientationLandscapeLeft UIInterfaceOrientationLandscapeRight";
				LD_RUNPATH_SEARCH_PATHS = (
					"$(inherited)",
					"@executable_path/Frameworks",
				);
				MARKETING_VERSION = 1.0;
				PRODUCT_BUNDLE_IDENTIFIER = me.ericdigioia.Day77Challenge;
				PRODUCT_NAME = "$(TARGET_NAME)";
				SWIFT_EMIT_LOC_STRINGS = YES;
				SWIFT_VERSION = 5.0;
				TARGETED_DEVICE_FAMILY = "1,2";
			};
			name = Release;
		};
/* End XCBuildConfiguration section */

/* Begin XCConfigurationList section */
		E93186EB2855B19400E7E976 /* Build configuration list for PBXProject "Day77Challenge" */ = {
			isa = XCConfigurationList;
			buildConfigurations = (
				E93186FC2855B19700E7E976 /* Debug */,
				E93186FD2855B19700E7E976 /* Release */,
			);
			defaultConfigurationIsVisible = 0;
			defaultConfigurationName = Release;
		};
		E93186FE2855B19700E7E976 /* Build configuration list for PBXNativeTarget "Day77Challenge" */ = {
			isa = XCConfigurationList;
			buildConfigurations = (
				E93186FF2855B19700E7E976 /* Debug */,
				E93187002855B19700E7E976 /* Release */,
			);
			defaultConfigurationIsVisible = 0;
			defaultConfigurationName = Release;
		};
/* End XCConfigurationList section */
	};
	rootObject = E93186E82855B19400E7E976 /* Project object */;
}
